
Microsoft Visual Studio Solution File, Format Version 12.00
# Visual Studio Version 16
VisualStudioVersion = 16.0.29911.84
MinimumVisualStudioVersion = 10.0.40219.1
Project("{FAE04EC0-301F-11D3-BF4B-00C04F79EFBC}") = "SureSQL", "SureSQL.csproj", "{223422A7-3AB7-415D-A76F-5DE1CCB602E5}"
EndProject
Global
	GlobalSection(SolutionConfigurationPlatforms) = preSolution
		Debug|Any CPU = Debug|Any CPU
		Release|Any CPU = Release|Any CPU
	EndGlobalSection
	GlobalSection(ProjectConfigurationPlatforms) = postSolution
		{223422A7-3AB7-415D-A76F-5DE1CCB602E5}.Debug|Any CPU.ActiveCfg = Debug|Any CPU
		{223422A7-3AB7-415D-A76F-5DE1CCB602E5}.Debug|Any CPU.Build.0 = Debug|Any CPU
		{223422A7-3AB7-415D-A76F-5DE1CCB602E5}.Release|Any CPU.ActiveCfg = Release|Any CPU
		{223422A7-3AB7-415D-A76F-5DE1CCB602E5}.Release|Any CPU.Build.0 = Release|Any CPU
	EndGlobalSection
	GlobalSection(SolutionProperties) = preSolution
		HideSolutionNode = FALSE
	EndGlobalSection
	GlobalSection(ExtensibilityGlobals) = postSolution
		SolutionGuid = {CC4768B7-6EE1-4BB6-90BD-1FB12938F2D8}
	EndGlobalSection
EndGlobal
